
Microsoft Visual Studio Solution File, Format Version 12.00
# Visual Studio Version 16
VisualStudioVersion = 16.0.29613.14
MinimumVisualStudioVersion = 10.0.40219.1
Project("{9A19103F-16F7-4668-BE54-9A1E7A4F7556}") = "OldHouse-Backend", "OldHouse-Backend.csproj", "{3651A661-4E8D-4CBD-B6E3-03FAF8EECF07}"
EndProject
Global
	GlobalSection(SolutionConfigurationPlatforms) = preSolution
		Debug|Any CPU = Debug|Any CPU
		Release|Any CPU = Release|Any CPU
	EndGlobalSection
	GlobalSection(ProjectConfigurationPlatforms) = postSolution
		{3651A661-4E8D-4CBD-B6E3-03FAF8EECF07}.Debug|Any CPU.ActiveCfg = Debug|Any CPU
		{3651A661-4E8D-4CBD-B6E3-03FAF8EECF07}.Debug|Any CPU.Build.0 = Debug|Any CPU
		{3651A661-4E8D-4CBD-B6E3-03FAF8EECF07}.Release|Any CPU.ActiveCfg = Release|Any CPU
		{3651A661-4E8D-4CBD-B6E3-03FAF8EECF07}.Release|Any CPU.Build.0 = Release|Any CPU
	EndGlobalSection
	GlobalSection(SolutionProperties) = preSolution
		HideSolutionNode = FALSE
	EndGlobalSection
	GlobalSection(ExtensibilityGlobals) = postSolution
		SolutionGuid = {C2403637-9278-4EBB-A042-EAD8FC6C00EF}
	EndGlobalSection
EndGlobal
